// !$*UTF8*$!
{
	archiveVersion = 1;
	classes = {
	};
	objectVersion = 56;
	objects = {

/* Begin PBXBuildFile section */
		A593A456294AFEA400944BDD /* InsDataModel.swift in Sources */ = {isa = PBXBuildFile; fileRef = A593A455294AFEA400944BDD /* InsDataModel.swift */; };
		A5B9F04A2947181100E529C8 /* AppDelegate.swift in Sources */ = {isa = PBXBuildFile; fileRef = A5B9F0492947181100E529C8 /* AppDelegate.swift */; };
		A5B9F04C2947181100E529C8 /* SceneDelegate.swift in Sources */ = {isa = PBXBuildFile; fileRef = A5B9F04B2947181100E529C8 /* SceneDelegate.swift */; };
		A5B9F04E2947181100E529C8 /* ViewController.swift in Sources */ = {isa = PBXBuildFile; fileRef = A5B9F04D2947181100E529C8 /* ViewController.swift */; };
		A5B9F0512947181100E529C8 /* Main.storyboard in Resources */ = {isa = PBXBuildFile; fileRef = A5B9F04F2947181100E529C8 /* Main.storyboard */; };
		A5B9F0532947181200E529C8 /* Assets.xcassets in Resources */ = {isa = PBXBuildFile; fileRef = A5B9F0522947181200E529C8 /* Assets.xcassets */; };
		A5B9F0562947181200E529C8 /* LaunchScreen.storyboard in Resources */ = {isa = PBXBuildFile; fileRef = A5B9F0542947181200E529C8 /* LaunchScreen.storyboard */; };
		A5B9F0612947181200E529C8 /* BleTestTests.swift in Sources */ = {isa = PBXBuildFile; fileRef = A5B9F0602947181200E529C8 /* BleTestTests.swift */; };
		A5B9F06B2947181200E529C8 /* BleTestUITests.swift in Sources */ = {isa = PBXBuildFile; fileRef = A5B9F06A2947181200E529C8 /* BleTestUITests.swift */; };
		A5B9F06D2947181200E529C8 /* BleTestUITestsLaunchTests.swift in Sources */ = {isa = PBXBuildFile; fileRef = A5B9F06C2947181200E529C8 /* BleTestUITestsLaunchTests.swift */; };
		A5B9F08029471BC700E529C8 /* BluetoothDelegate.swift in Sources */ = {isa = PBXBuildFile; fileRef = A5B9F07E29471BC700E529C8 /* BluetoothDelegate.swift */; };
		A5B9F08129471BC700E529C8 /* BluetoothManager.swift in Sources */ = {isa = PBXBuildFile; fileRef = A5B9F07F29471BC700E529C8 /* BluetoothManager.swift */; };
		A5B9F085294842FA00E529C8 /* ScBleListViewController.swift in Sources */ = {isa = PBXBuildFile; fileRef = A5B9F084294842FA00E529C8 /* ScBleListViewController.swift */; };
		A5B9F0872948554F00E529C8 /* Constant.swift in Sources */ = {isa = PBXBuildFile; fileRef = A5B9F0862948554F00E529C8 /* Constant.swift */; };
		A5B9F0892948631700E529C8 /* BleDataAnalyzer.swift in Sources */ = {isa = PBXBuildFile; fileRef = A5B9F0882948631700E529C8 /* BleDataAnalyzer.swift */; };
/* End PBXBuildFile section */

/* Begin PBXContainerItemProxy section */
		A5B9F05D2947181200E529C8 /* PBXContainerItemProxy */ = {
			isa = PBXContainerItemProxy;
			containerPortal = A5B9F03E2947181100E529C8 /* Project object */;
			proxyType = 1;
			remoteGlobalIDString = A5B9F0452947181100E529C8;
			remoteInfo = BleTest;
		};
		A5B9F0672947181200E529C8 /* PBXContainerItemProxy */ = {
			isa = PBXContainerItemProxy;
			containerPortal = A5B9F03E2947181100E529C8 /* Project object */;
			proxyType = 1;
			remoteGlobalIDString = A5B9F0452947181100E529C8;
			remoteInfo = BleTest;
		};
/* End PBXContainerItemProxy section */

/* Begin PBXFileReference section */
		A593A455294AFEA400944BDD /* InsDataModel.swift */ = {isa = PBXFileReference; lastKnownFileType = sourcecode.swift; path = InsDataModel.swift; sourceTree = "<group>"; };
		A5B9F0462947181100E529C8 /* BleTest.app */ = {isa = PBXFileReference; explicitFileType = wrapper.application; includeInIndex = 0; path = BleTest.app; sourceTree = BUILT_PRODUCTS_DIR; };
		A5B9F0492947181100E529C8 /* AppDelegate.swift */ = {isa = PBXFileReference; lastKnownFileType = sourcecode.swift; path = AppDelegate.swift; sourceTree = "<group>"; };
		A5B9F04B2947181100E529C8 /* SceneDelegate.swift */ = {isa = PBXFileReference; lastKnownFileType = sourcecode.swift; path = SceneDelegate.swift; sourceTree = "<group>"; };
		A5B9F04D2947181100E529C8 /* ViewController.swift */ = {isa = PBXFileReference; lastKnownFileType = sourcecode.swift; path = ViewController.swift; sourceTree = "<group>"; };
		A5B9F0502947181100E529C8 /* Base */ = {isa = PBXFileReference; lastKnownFileType = file.storyboard; name = Base; path = Base.lproj/Main.storyboard; sourceTree = "<group>"; };
		A5B9F0522947181200E529C8 /* Assets.xcassets */ = {isa = PBXFileReference; lastKnownFileType = folder.assetcatalog; path = Assets.xcassets; sourceTree = "<group>"; };
		A5B9F0552947181200E529C8 /* Base */ = {isa = PBXFileReference; lastKnownFileType = file.storyboard; name = Base; path = Base.lproj/LaunchScreen.storyboard; sourceTree = "<group>"; };
		A5B9F0572947181200E529C8 /* Info.plist */ = {isa = PBXFileReference; lastKnownFileType = text.plist.xml; path = Info.plist; sourceTree = "<group>"; };
		A5B9F05C2947181200E529C8 /* BleTestTests.xctest */ = {isa = PBXFileReference; explicitFileType = wrapper.cfbundle; includeInIndex = 0; path = BleTestTests.xctest; sourceTree = BUILT_PRODUCTS_DIR; };
		A5B9F0602947181200E529C8 /* BleTestTests.swift */ = {isa = PBXFileReference; lastKnownFileType = sourcecode.swift; path = BleTestTests.swift; sourceTree = "<group>"; };
		A5B9F0662947181200E529C8 /* BleTestUITests.xctest */ = {isa = PBXFileReference; explicitFileType = wrapper.cfbundle; includeInIndex = 0; path = BleTestUITests.xctest; sourceTree = BUILT_PRODUCTS_DIR; };
		A5B9F06A2947181200E529C8 /* BleTestUITests.swift */ = {isa = PBXFileReference; lastKnownFileType = sourcecode.swift; path = BleTestUITests.swift; sourceTree = "<group>"; };
		A5B9F06C2947181200E529C8 /* BleTestUITestsLaunchTests.swift */ = {isa = PBXFileReference; lastKnownFileType = sourcecode.swift; path = BleTestUITestsLaunchTests.swift; sourceTree = "<group>"; };
		A5B9F07E29471BC700E529C8 /* BluetoothDelegate.swift */ = {isa = PBXFileReference; fileEncoding = 4; lastKnownFileType = sourcecode.swift; path = BluetoothDelegate.swift; sourceTree = "<group>"; };
		A5B9F07F29471BC700E529C8 /* BluetoothManager.swift */ = {isa = PBXFileReference; fileEncoding = 4; lastKnownFileType = sourcecode.swift; path = BluetoothManager.swift; sourceTree = "<group>"; };
		A5B9F084294842FA00E529C8 /* ScBleListViewController.swift */ = {isa = PBXFileReference; lastKnownFileType = sourcecode.swift; path = ScBleListViewController.swift; sourceTree = "<group>"; };
		A5B9F0862948554F00E529C8 /* Constant.swift */ = {isa = PBXFileReference; fileEncoding = 4; lastKnownFileType = sourcecode.swift; path = Constant.swift; sourceTree = "<group>"; };
		A5B9F0882948631700E529C8 /* BleDataAnalyzer.swift */ = {isa = PBXFileReference; lastKnownFileType = sourcecode.swift; path = BleDataAnalyzer.swift; sourceTree = "<group>"; };
/* End PBXFileReference section */

/* Begin PBXFrameworksBuildPhase section */
		A5B9F0432947181100E529C8 /* Frameworks */ = {
			isa = PBXFrameworksBuildPhase;
			buildActionMask = 2147483647;
			files = (
			);
			runOnlyForDeploymentPostprocessing = 0;
		};
		A5B9F0592947181200E529C8 /* Frameworks */ = {
			isa = PBXFrameworksBuildPhase;
			buildActionMask = 2147483647;
			files = (
			);
			runOnlyForDeploymentPostprocessing = 0;
		};
		A5B9F0632947181200E529C8 /* Frameworks */ = {
			isa = PBXFrameworksBuildPhase;
			buildActionMask = 2147483647;
			files = (
			);
			runOnlyForDeploymentPostprocessing = 0;
		};
/* End PBXFrameworksBuildPhase section */

/* Begin PBXGroup section */
		A5B9F03D2947181100E529C8 = {
			isa = PBXGroup;
			children = (
				A5B9F0482947181100E529C8 /* BleTest */,
				A5B9F05F2947181200E529C8 /* BleTestTests */,
				A5B9F0692947181200E529C8 /* BleTestUITests */,
				A5B9F0472947181100E529C8 /* Products */,
			);
			sourceTree = "<group>";
		};
		A5B9F0472947181100E529C8 /* Products */ = {
			isa = PBXGroup;
			children = (
				A5B9F0462947181100E529C8 /* BleTest.app */,
				A5B9F05C2947181200E529C8 /* BleTestTests.xctest */,
				A5B9F0662947181200E529C8 /* BleTestUITests.xctest */,
			);
			name = Products;
			sourceTree = "<group>";
		};
		A5B9F0482947181100E529C8 /* BleTest */ = {
			isa = PBXGroup;
			children = (
				A5B9F07D29471BAC00E529C8 /* Bluetooth */,
				A5B9F0492947181100E529C8 /* AppDelegate.swift */,
				A5B9F04B2947181100E529C8 /* SceneDelegate.swift */,
				A5B9F04D2947181100E529C8 /* ViewController.swift */,
				A5B9F084294842FA00E529C8 /* ScBleListViewController.swift */,
				A5B9F0862948554F00E529C8 /* Constant.swift */,
				A5B9F04F2947181100E529C8 /* Main.storyboard */,
				A5B9F0522947181200E529C8 /* Assets.xcassets */,
				A5B9F0542947181200E529C8 /* LaunchScreen.storyboard */,
				A5B9F0572947181200E529C8 /* Info.plist */,
			);
			path = BleTest;
			sourceTree = "<group>";
		};
		A5B9F05F2947181200E529C8 /* BleTestTests */ = {
			isa = PBXGroup;
			children = (
				A5B9F0602947181200E529C8 /* BleTestTests.swift */,
			);
			path = BleTestTests;
			sourceTree = "<group>";
		};
		A5B9F0692947181200E529C8 /* BleTestUITests */ = {
			isa = PBXGroup;
			children = (
				A5B9F06A2947181200E529C8 /* BleTestUITests.swift */,
				A5B9F06C2947181200E529C8 /* BleTestUITestsLaunchTests.swift */,
			);
			path = BleTestUITests;
			sourceTree = "<group>";
		};
		A5B9F07D29471BAC00E529C8 /* Bluetooth */ = {
			isa = PBXGroup;
			children = (
				A5B9F07E29471BC700E529C8 /* BluetoothDelegate.swift */,
				A5B9F07F29471BC700E529C8 /* BluetoothManager.swift */,
				A5B9F0882948631700E529C8 /* BleDataAnalyzer.swift */,
				A593A455294AFEA400944BDD /* InsDataModel.swift */,
			);
			path = Bluetooth;
			sourceTree = "<group>";
		};
/* End PBXGroup section */

/* Begin PBXNativeTarget section */
		A5B9F0452947181100E529C8 /* BleTest */ = {
			isa = PBXNativeTarget;
			buildConfigurationList = A5B9F0702947181200E529C8 /* Build configuration list for PBXNativeTarget "BleTest" */;
			buildPhases = (
				A5B9F0422947181100E529C8 /* Sources */,
				A5B9F0432947181100E529C8 /* Frameworks */,
				A5B9F0442947181100E529C8 /* Resources */,
			);
			buildRules = (
			);
			dependencies = (
			);
			name = BleTest;
			productName = BleTest;
			productReference = A5B9F0462947181100E529C8 /* BleTest.app */;
			productType = "com.apple.product-type.application";
		};
		A5B9F05B2947181200E529C8 /* BleTestTests */ = {
			isa = PBXNativeTarget;
			buildConfigurationList = A5B9F0732947181200E529C8 /* Build configuration list for PBXNativeTarget "BleTestTests" */;
			buildPhases = (
				A5B9F0582947181200E529C8 /* Sources */,
				A5B9F0592947181200E529C8 /* Frameworks */,
				A5B9F05A2947181200E529C8 /* Resources */,
			);
			buildRules = (
			);
			dependencies = (
				A5B9F05E2947181200E529C8 /* PBXTargetDependency */,
			);
			name = BleTestTests;
			productName = BleTestTests;
			productReference = A5B9F05C2947181200E529C8 /* BleTestTests.xctest */;
			productType = "com.apple.product-type.bundle.unit-test";
		};
		A5B9F0652947181200E529C8 /* BleTestUITests */ = {
			isa = PBXNativeTarget;
			buildConfigurationList = A5B9F0762947181200E529C8 /* Build configuration list for PBXNativeTarget "BleTestUITests" */;
			buildPhases = (
				A5B9F0622947181200E529C8 /* Sources */,
				A5B9F0632947181200E529C8 /* Frameworks */,
				A5B9F0642947181200E529C8 /* Resources */,
			);
			buildRules = (
			);
			dependencies = (
				A5B9F0682947181200E529C8 /* PBXTargetDependency */,
			);
			name = BleTestUITests;
			productName = BleTestUITests;
			productReference = A5B9F0662947181200E529C8 /* BleTestUITests.xctest */;
			productType = "com.apple.product-type.bundle.ui-testing";
		};
/* End PBXNativeTarget section */

/* Begin PBXProject section */
		A5B9F03E2947181100E529C8 /* Project object */ = {
			isa = PBXProject;
			attributes = {
				BuildIndependentTargetsInParallel = 1;
				LastSwiftUpdateCheck = 1410;
				LastUpgradeCheck = 1410;
				TargetAttributes = {
					A5B9F0452947181100E529C8 = {
						CreatedOnToolsVersion = 14.1;
					};
					A5B9F05B2947181200E529C8 = {
						CreatedOnToolsVersion = 14.1;
						TestTargetID = A5B9F0452947181100E529C8;
					};
					A5B9F0652947181200E529C8 = {
						CreatedOnToolsVersion = 14.1;
						TestTargetID = A5B9F0452947181100E529C8;
					};
				};
			};
			buildConfigurationList = A5B9F0412947181100E529C8 /* Build configuration list for PBXProject "BleTest" */;
			compatibilityVersion = "Xcode 14.0";
			developmentRegion = en;
			hasScannedForEncodings = 0;
			knownRegions = (
				en,
				Base,
			);
			mainGroup = A5B9F03D2947181100E529C8;
			productRefGroup = A5B9F0472947181100E529C8 /* Products */;
			projectDirPath = "";
			projectRoot = "";
			targets = (
				A5B9F0452947181100E529C8 /* BleTest */,
				A5B9F05B2947181200E529C8 /* BleTestTests */,
				A5B9F0652947181200E529C8 /* BleTestUITests */,
			);
		};
/* End PBXProject section */

/* Begin PBXResourcesBuildPhase section */
		A5B9F0442947181100E529C8 /* Resources */ = {
			isa = PBXResourcesBuildPhase;
			buildActionMask = 2147483647;
			files = (
				A5B9F0562947181200E529C8 /* LaunchScreen.storyboard in Resources */,
				A5B9F0532947181200E529C8 /* Assets.xcassets in Resources */,
				A5B9F0512947181100E529C8 /* Main.storyboard in Resources */,
			);
			runOnlyForDeploymentPostprocessing = 0;
		};
		A5B9F05A2947181200E529C8 /* Resources */ = {
			isa = PBXResourcesBuildPhase;
			buildActionMask = 2147483647;
			files = (
			);
			runOnlyForDeploymentPostprocessing = 0;
		};
		A5B9F0642947181200E529C8 /* Resources */ = {
			isa = PBXResourcesBuildPhase;
			buildActionMask = 2147483647;
			files = (
			);
			runOnlyForDeploymentPostprocessing = 0;
		};
/* End PBXResourcesBuildPhase section */

/* Begin PBXSourcesBuildPhase section */
		A5B9F0422947181100E529C8 /* Sources */ = {
			isa = PBXSourcesBuildPhase;
			buildActionMask = 2147483647;
			files = (
				A5B9F0872948554F00E529C8 /* Constant.swift in Sources */,
				A5B9F04E2947181100E529C8 /* ViewController.swift in Sources */,
				A593A456294AFEA400944BDD /* InsDataModel.swift in Sources */,
				A5B9F0892948631700E529C8 /* BleDataAnalyzer.swift in Sources */,
				A5B9F04A2947181100E529C8 /* AppDelegate.swift in Sources */,
				A5B9F085294842FA00E529C8 /* ScBleListViewController.swift in Sources */,
				A5B9F04C2947181100E529C8 /* SceneDelegate.swift in Sources */,
				A5B9F08029471BC700E529C8 /* BluetoothDelegate.swift in Sources */,
				A5B9F08129471BC700E529C8 /* BluetoothManager.swift in Sources */,
			);
			runOnlyForDeploymentPostprocessing = 0;
		};
		A5B9F0582947181200E529C8 /* Sources */ = {
			isa = PBXSourcesBuildPhase;
			buildActionMask = 2147483647;
			files = (
				A5B9F0612947181200E529C8 /* BleTestTests.swift in Sources */,
			);
			runOnlyForDeploymentPostprocessing = 0;
		};
		A5B9F0622947181200E529C8 /* Sources */ = {
			isa = PBXSourcesBuildPhase;
			buildActionMask = 2147483647;
			files = (
				A5B9F06D2947181200E529C8 /* BleTestUITestsLaunchTests.swift in Sources */,
				A5B9F06B2947181200E529C8 /* BleTestUITests.swift in Sources */,
			);
			runOnlyForDeploymentPostprocessing = 0;
		};
/* End PBXSourcesBuildPhase section */

/* Begin PBXTargetDependency section */
		A5B9F05E2947181200E529C8 /* PBXTargetDependency */ = {
			isa = PBXTargetDependency;
			target = A5B9F0452947181100E529C8 /* BleTest */;
			targetProxy = A5B9F05D2947181200E529C8 /* PBXContainerItemProxy */;
		};
		A5B9F0682947181200E529C8 /* PBXTargetDependency */ = {
			isa = PBXTargetDependency;
			target = A5B9F0452947181100E529C8 /* BleTest */;
			targetProxy = A5B9F0672947181200E529C8 /* PBXContainerItemProxy */;
		};
/* End PBXTargetDependency section */

/* Begin PBXVariantGroup section */
		A5B9F04F2947181100E529C8 /* Main.storyboard */ = {
			isa = PBXVariantGroup;
			children = (
				A5B9F0502947181100E529C8 /* Base */,
			);
			name = Main.storyboard;
			sourceTree = "<group>";
		};
		A5B9F0542947181200E529C8 /* LaunchScreen.storyboard */ = {
			isa = PBXVariantGroup;
			children = (
				A5B9F0552947181200E529C8 /* Base */,
			);
			name = LaunchScreen.storyboard;
			sourceTree = "<group>";
		};
/* End PBXVariantGroup section */

/* Begin XCBuildConfiguration section */
		A5B9F06E2947181200E529C8 /* Debug */ = {
			isa = XCBuildConfiguration;
			buildSettings = {
				ALWAYS_SEARCH_USER_PATHS = NO;
				CLANG_ANALYZER_NONNULL = YES;
				CLANG_ANALYZER_NUMBER_OBJECT_CONVERSION = YES_AGGRESSIVE;
				CLANG_CXX_LANGUAGE_STANDARD = "gnu++20";
				CLANG_ENABLE_MODULES = YES;
				CLANG_ENABLE_OBJC_ARC = YES;
				CLANG_ENABLE_OBJC_WEAK = YES;
				CLANG_WARN_BLOCK_CAPTURE_AUTORELEASING = YES;
				CLANG_WARN_BOOL_CONVERSION = YES;
				CLANG_WARN_COMMA = YES;
				CLANG_WARN_CONSTANT_CONVERSION = YES;
				CLANG_WARN_DEPRECATED_OBJC_IMPLEMENTATIONS = YES;
				CLANG_WARN_DIRECT_OBJC_ISA_USAGE = YES_ERROR;
				CLANG_WARN_DOCUMENTATION_COMMENTS = YES;
				CLANG_WARN_EMPTY_BODY = YES;
				CLANG_WARN_ENUM_CONVERSION = YES;
				CLANG_WARN_INFINITE_RECURSION = YES;
				CLANG_WARN_INT_CONVERSION = YES;
				CLANG_WARN_NON_LITERAL_NULL_CONVERSION = YES;
				CLANG_WARN_OBJC_IMPLICIT_RETAIN_SELF = YES;
				CLANG_WARN_OBJC_LITERAL_CONVERSION = YES;
				CLANG_WARN_OBJC_ROOT_CLASS = YES_ERROR;
				CLANG_WARN_QUOTED_INCLUDE_IN_FRAMEWORK_HEADER = YES;
				CLANG_WARN_RANGE_LOOP_ANALYSIS = YES;
				CLANG_WARN_STRICT_PROTOTYPES = YES;
				CLANG_WARN_SUSPICIOUS_MOVE = YES;
				CLANG_WARN_UNGUARDED_AVAILABILITY = YES_AGGRESSIVE;
				CLANG_WARN_UNREACHABLE_CODE = YES;
				CLANG_WARN__DUPLICATE_METHOD_MATCH = YES;
				COPY_PHASE_STRIP = NO;
				DEBUG_INFORMATION_FORMAT = dwarf;
				ENABLE_STRICT_OBJC_MSGSEND = YES;
				ENABLE_TESTABILITY = YES;
				GCC_C_LANGUAGE_STANDARD = gnu11;
				GCC_DYNAMIC_NO_PIC = NO;
				GCC_NO_COMMON_BLOCKS = YES;
				GCC_OPTIMIZATION_LEVEL = 0;
				GCC_PREPROCESSOR_DEFINITIONS = (
					"DEBUG=1",
					"$(inherited)",
				);
				GCC_WARN_64_TO_32_BIT_CONVERSION = YES;
				GCC_WARN_ABOUT_RETURN_TYPE = YES_ERROR;
				GCC_WARN_UNDECLARED_SELECTOR = YES;
				GCC_WARN_UNINITIALIZED_AUTOS = YES_AGGRESSIVE;
				GCC_WARN_UNUSED_FUNCTION = YES;
				GCC_WARN_UNUSED_VARIABLE = YES;
				IPHONEOS_DEPLOYMENT_TARGET = 13.0;
				MTL_ENABLE_DEBUG_INFO = INCLUDE_SOURCE;
				MTL_FAST_MATH = YES;
				ONLY_ACTIVE_ARCH = YES;
				SDKROOT = iphoneos;
				SWIFT_ACTIVE_COMPILATION_CONDITIONS = DEBUG;
				SWIFT_OPTIMIZATION_LEVEL = "-Onone";
			};
			name = Debug;
		};
		A5B9F06F2947181200E529C8 /* Release */ = {
			isa = XCBuildConfiguration;
			buildSettings = {
				ALWAYS_SEARCH_USER_PATHS = NO;
				CLANG_ANALYZER_NONNULL = YES;
				CLANG_ANALYZER_NUMBER_OBJECT_CONVERSION = YES_AGGRESSIVE;
				CLANG_CXX_LANGUAGE_STANDARD = "gnu++20";
				CLANG_ENABLE_MODULES = YES;
				CLANG_ENABLE_OBJC_ARC = YES;
				CLANG_ENABLE_OBJC_WEAK = YES;
				CLANG_WARN_BLOCK_CAPTURE_AUTORELEASING = YES;
				CLANG_WARN_BOOL_CONVERSION = YES;
				CLANG_WARN_COMMA = YES;
				CLANG_WARN_CONSTANT_CONVERSION = YES;
				CLANG_WARN_DEPRECATED_OBJC_IMPLEMENTATIONS = YES;
				CLANG_WARN_DIRECT_OBJC_ISA_USAGE = YES_ERROR;
				CLANG_WARN_DOCUMENTATION_COMMENTS = YES;
				CLANG_WARN_EMPTY_BODY = YES;
				CLANG_WARN_ENUM_CONVERSION = YES;
				CLANG_WARN_INFINITE_RECURSION = YES;
				CLANG_WARN_INT_CONVERSION = YES;
				CLANG_WARN_NON_LITERAL_NULL_CONVERSION = YES;
				CLANG_WARN_OBJC_IMPLICIT_RETAIN_SELF = YES;
				CLANG_WARN_OBJC_LITERAL_CONVERSION = YES;
				CLANG_WARN_OBJC_ROOT_CLASS = YES_ERROR;
				CLANG_WARN_QUOTED_INCLUDE_IN_FRAMEWORK_HEADER = YES;
				CLANG_WARN_RANGE_LOOP_ANALYSIS = YES;
				CLANG_WARN_STRICT_PROTOTYPES = YES;
				CLANG_WARN_SUSPICIOUS_MOVE = YES;
				CLANG_WARN_UNGUARDED_AVAILABILITY = YES_AGGRESSIVE;
				CLANG_WARN_UNREACHABLE_CODE = YES;
				CLANG_WARN__DUPLICATE_METHOD_MATCH = YES;
				COPY_PHASE_STRIP = NO;
				DEBUG_INFORMATION_FORMAT = "dwarf-with-dsym";
				ENABLE_NS_ASSERTIONS = NO;
				ENABLE_STRICT_OBJC_MSGSEND = YES;
				GCC_C_LANGUAGE_STANDARD = gnu11;
				GCC_NO_COMMON_BLOCKS = YES;
				GCC_WARN_64_TO_32_BIT_CONVERSION = YES;
				GCC_WARN_ABOUT_RETURN_TYPE = YES_ERROR;
				GCC_WARN_UNDECLARED_SELECTOR = YES;
				GCC_WARN_UNINITIALIZED_AUTOS = YES_AGGRESSIVE;
				GCC_WARN_UNUSED_FUNCTION = YES;
				GCC_WARN_UNUSED_VARIABLE = YES;
				IPHONEOS_DEPLOYMENT_TARGET = 13.0;
				MTL_ENABLE_DEBUG_INFO = NO;
				MTL_FAST_MATH = YES;
				SDKROOT = iphoneos;
				SWIFT_COMPILATION_MODE = wholemodule;
				SWIFT_OPTIMIZATION_LEVEL = "-O";
				VALIDATE_PRODUCT = YES;
			};
			name = Release;
		};
		A5B9F0712947181200E529C8 /* Debug */ = {
			isa = XCBuildConfiguration;
			buildSettings = {
				ASSETCATALOG_COMPILER_APPICON_NAME = AppIcon;
				ASSETCATALOG_COMPILER_GLOBAL_ACCENT_COLOR_NAME = AccentColor;
				CODE_SIGN_STYLE = Automatic;
				CURRENT_PROJECT_VERSION = 1;
				DEVELOPMENT_TEAM = G5S28GQNC3;
				GENERATE_INFOPLIST_FILE = YES;
				INFOPLIST_FILE = BleTest/Info.plist;
				INFOPLIST_KEY_NSBluetoothAlwaysUsageDescription = "\"NSBluetoothAlwaysUsageDescription key with a string value explaining to the user how the app uses this data\"";
				INFOPLIST_KEY_UIApplicationSupportsIndirectInputEvents = YES;
				INFOPLIST_KEY_UILaunchStoryboardName = LaunchScreen;
				INFOPLIST_KEY_UIMainStoryboardFile = Main;
				INFOPLIST_KEY_UISupportedInterfaceOrientations_iPad = "UIInterfaceOrientationPortrait UIInterfaceOrientationPortraitUpsideDown UIInterfaceOrientationLandscapeLeft UIInterfaceOrientationLandscapeRight";
				INFOPLIST_KEY_UISupportedInterfaceOrientations_iPhone = "UIInterfaceOrientationPortrait UIInterfaceOrientationLandscapeLeft UIInterfaceOrientationLandscapeRight";
				LD_RUNPATH_SEARCH_PATHS = (
					"$(inherited)",
					"@executable_path/Frameworks",
				);
				MARKETING_VERSION = 1.0;
				PRODUCT_BUNDLE_IDENTIFIER = com.moile.BleTest;
				PRODUCT_NAME = "$(TARGET_NAME)";
				SWIFT_EMIT_LOC_STRINGS = YES;
				SWIFT_VERSION = 5.0;
				TARGETED_DEVICE_FAMILY = "1,2";
			};
			name = Debug;
		};
		A5B9F0722947181200E529C8 /* Release */ = {
			isa = XCBuildConfiguration;
			buildSettings = {
				ASSETCATALOG_COMPILER_APPICON_NAME = AppIcon;
				ASSETCATALOG_COMPILER_GLOBAL_ACCENT_COLOR_NAME = AccentColor;
				CODE_SIGN_STYLE = Automatic;
				CURRENT_PROJECT_VERSION = 1;
				DEVELOPMENT_TEAM = G5S28GQNC3;
				GENERATE_INFOPLIST_FILE = YES;
				INFOPLIST_FILE = BleTest/Info.plist;
				INFOPLIST_KEY_NSBluetoothAlwaysUsageDescription = "\"NSBluetoothAlwaysUsageDescription key with a string value explaining to the user how the app uses this data\"";
				INFOPLIST_KEY_UIApplicationSupportsIndirectInputEvents = YES;
				INFOPLIST_KEY_UILaunchStoryboardName = LaunchScreen;
				INFOPLIST_KEY_UIMainStoryboardFile = Main;
				INFOPLIST_KEY_UISupportedInterfaceOrientations_iPad = "UIInterfaceOrientationPortrait UIInterfaceOrientationPortraitUpsideDown UIInterfaceOrientationLandscapeLeft UIInterfaceOrientationLandscapeRight";
				INFOPLIST_KEY_UISupportedInterfaceOrientations_iPhone = "UIInterfaceOrientationPortrait UIInterfaceOrientationLandscapeLeft UIInterfaceOrientationLandscapeRight";
				LD_RUNPATH_SEARCH_PATHS = (
					"$(inherited)",
					"@executable_path/Frameworks",
				);
				MARKETING_VERSION = 1.0;
				PRODUCT_BUNDLE_IDENTIFIER = com.moile.BleTest;
				PRODUCT_NAME = "$(TARGET_NAME)";
				SWIFT_EMIT_LOC_STRINGS = YES;
				SWIFT_VERSION = 5.0;
				TARGETED_DEVICE_FAMILY = "1,2";
			};
			name = Release;
		};
		A5B9F0742947181200E529C8 /* Debug */ = {
			isa = XCBuildConfiguration;
			buildSettings = {
				ALWAYS_EMBED_SWIFT_STANDARD_LIBRARIES = YES;
				BUNDLE_LOADER = "$(TEST_HOST)";
				CODE_SIGN_STYLE = Automatic;
				CURRENT_PROJECT_VERSION = 1;
				DEVELOPMENT_TEAM = 89KB668X48;
				GENERATE_INFOPLIST_FILE = YES;
				IPHONEOS_DEPLOYMENT_TARGET = 16.1;
				MARKETING_VERSION = 1.0;
				PRODUCT_BUNDLE_IDENTIFIER = com.moile.BleTestTests;
				PRODUCT_NAME = "$(TARGET_NAME)";
				SWIFT_EMIT_LOC_STRINGS = NO;
				SWIFT_VERSION = 5.0;
				TARGETED_DEVICE_FAMILY = "1,2";
				TEST_HOST = "$(BUILT_PRODUCTS_DIR)/BleTest.app/$(BUNDLE_EXECUTABLE_FOLDER_PATH)/BleTest";
			};
			name = Debug;
		};
		A5B9F0752947181200E529C8 /* Release */ = {
			isa = XCBuildConfiguration;
			buildSettings = {
				ALWAYS_EMBED_SWIFT_STANDARD_LIBRARIES = YES;
				BUNDLE_LOADER = "$(TEST_HOST)";
				CODE_SIGN_STYLE = Automatic;
				CURRENT_PROJECT_VERSION = 1;
				DEVELOPMENT_TEAM = 89KB668X48;
				GENERATE_INFOPLIST_FILE = YES;
				IPHONEOS_DEPLOYMENT_TARGET = 16.1;
				MARKETING_VERSION = 1.0;
				PRODUCT_BUNDLE_IDENTIFIER = com.moile.BleTestTests;
				PRODUCT_NAME = "$(TARGET_NAME)";
				SWIFT_EMIT_LOC_STRINGS = NO;
				SWIFT_VERSION = 5.0;
				TARGETED_DEVICE_FAMILY = "1,2";
				TEST_HOST = "$(BUILT_PRODUCTS_DIR)/BleTest.app/$(BUNDLE_EXECUTABLE_FOLDER_PATH)/BleTest";
			};
			name = Release;
		};
		A5B9F0772947181200E529C8 /* Debug */ = {
			isa = XCBuildConfiguration;
			buildSettings = {
				ALWAYS_EMBED_SWIFT_STANDARD_LIBRARIES = YES;
				CODE_SIGN_STYLE = Automatic;
				CURRENT_PROJECT_VERSION = 1;
				DEVELOPMENT_TEAM = 89KB668X48;
				GENERATE_INFOPLIST_FILE = YES;
				MARKETING_VERSION = 1.0;
				PRODUCT_BUNDLE_IDENTIFIER = com.moile.BleTestUITests;
				PRODUCT_NAME = "$(TARGET_NAME)";
				SWIFT_EMIT_LOC_STRINGS = NO;
				SWIFT_VERSION = 5.0;
				TARGETED_DEVICE_FAMILY = "1,2";
				TEST_TARGET_NAME = BleTest;
			};
			name = Debug;
		};
		A5B9F0782947181200E529C8 /* Release */ = {
			isa = XCBuildConfiguration;
			buildSettings = {
				ALWAYS_EMBED_SWIFT_STANDARD_LIBRARIES = YES;
				CODE_SIGN_STYLE = Automatic;
				CURRENT_PROJECT_VERSION = 1;
				DEVELOPMENT_TEAM = 89KB668X48;
				GENERATE_INFOPLIST_FILE = YES;
				MARKETING_VERSION = 1.0;
				PRODUCT_BUNDLE_IDENTIFIER = com.moile.BleTestUITests;
				PRODUCT_NAME = "$(TARGET_NAME)";
				SWIFT_EMIT_LOC_STRINGS = NO;
				SWIFT_VERSION = 5.0;
				TARGETED_DEVICE_FAMILY = "1,2";
				TEST_TARGET_NAME = BleTest;
			};
			name = Release;
		};
/* End XCBuildConfiguration section */

/* Begin XCConfigurationList section */
		A5B9F0412947181100E529C8 /* Build configuration list for PBXProject "BleTest" */ = {
			isa = XCConfigurationList;
			buildConfigurations = (
				A5B9F06E2947181200E529C8 /* Debug */,
				A5B9F06F2947181200E529C8 /* Release */,
			);
			defaultConfigurationIsVisible = 0;
			defaultConfigurationName = Release;
		};
		A5B9F0702947181200E529C8 /* Build configuration list for PBXNativeTarget "BleTest" */ = {
			isa = XCConfigurationList;
			buildConfigurations = (
				A5B9F0712947181200E529C8 /* Debug */,
				A5B9F0722947181200E529C8 /* Release */,
			);
			defaultConfigurationIsVisible = 0;
			defaultConfigurationName = Release;
		};
		A5B9F0732947181200E529C8 /* Build configuration list for PBXNativeTarget "BleTestTests" */ = {
			isa = XCConfigurationList;
			buildConfigurations = (
				A5B9F0742947181200E529C8 /* Debug */,
				A5B9F0752947181200E529C8 /* Release */,
			);
			defaultConfigurationIsVisible = 0;
			defaultConfigurationName = Release;
		};
		A5B9F0762947181200E529C8 /* Build configuration list for PBXNativeTarget "BleTestUITests" */ = {
			isa = XCConfigurationList;
			buildConfigurations = (
				A5B9F0772947181200E529C8 /* Debug */,
				A5B9F0782947181200E529C8 /* Release */,
			);
			defaultConfigurationIsVisible = 0;
			defaultConfigurationName = Release;
		};
/* End XCConfigurationList section */
	};
	rootObject = A5B9F03E2947181100E529C8 /* Project object */;
}
